name: 'Lock threads'

on:
  schedule:
    - cron: '0 0 * * 0'

jobs:
  lock:
    runs-on: uipath-ubuntu-latest
    steps:
      - uses: dessant/lock-threads@f1a42f0f44eb83361d617a014663e1a76cf282d2  # v2.1.2
        with:
          github-token: ${{ github.token }}
          issue-lock-inactive-days: 15
          pr-lock-inactive-days: 15
          issue-lock-comment: >
            This issue has been automatically locked since there
            has not been any recent activity after it was closed.
            Please open a new issue for related bugs.
          pr-lock-comment: >
            This pull request has been automatically locked since there
            has not been any recent activity after it was closed.
            Please open a new issue for related bugs.
